# THIS IS AN AUTOGENERATED FILE. DO NOT EDIT THIS FILE DIRECTLY.
# yarn lockfile v1


"clubmanagement.orderbooking@npm:@messagehandler/clubmanagement.orderbooking.public":
  version "1.0.5-0"
  resolved "https://npm.pkg.github.com/download/@messagehandler/clubmanagement.orderbooking.public/1.0.5-0/7ff422178af7419de464c75fa6e42ed39ec325e05df38e7155007ba3826b8c3f#9aeb5da848c12b374d06e5007a4c4557408d4242"
  integrity sha512-NZgg3dddBjp7XbrxEBYL4nLgP5tl8+/dj29esc7N9DDXYRcSNSc6mDo3AsUtBcS21TmYhzduqkmEbJkoKCjSLA==
  dependencies:
    dish.shell "npm:@messagehandler/dish.shell"

"clubmanagement.payments@npm:@messagehandler/clubmanagement.payments.public":
  version "1.0.6-0"
  resolved "https://npm.pkg.github.com/download/@messagehandler/clubmanagement.payments.public/1.0.6-0/025003a21e8c5c61814c3f0c61b0d146ee80ad718ef343c8bb658eb7d12f8a1a#ebf8577c4591b275f1b8ad53d39dc47289c0ca93"
  integrity sha512-BVp/TRNgtXER9c5eRY4886JfwnGO5Ye8lINvXeaFfLc1BdTTS8+WzzEZPcQQ16ndC6UQr0WGkxWpV8W8koF0qQ==
  dependencies:
    dish.shell "npm:@messagehandler/dish.shell"

"dish.shell@npm:@messagehandler/dish.shell":
  version "1.0.16"
  resolved "https://npm.pkg.github.com/download/@messagehandler/dish.shell/1.0.16/f0fe547de474699567323c4496cca26c963b4bc90cc71dbeffaaf9e8a06f3e7b#1d156ed96c3112ecac4e9491aa6c1929b2ce913e"
  integrity sha512-xAopUcxHObIUpaMiJOUUyqZnY5CMCv0mcxDIy9vgMX2MFIWoNZ56g2enB1lUqNJjTYe3XghDgoI8RgeqlPdgvw==
