# THIS IS AN AUTOGENERATED FILE. DO NOT EDIT THIS FILE DIRECTLY.
# yarn lockfile v1


"clubmanagement.orderbooking@npm:@messagehandler/clubmanagement.orderbooking.public":
  version "1.0.5-0"
  resolved "https://npm.pkg.github.com/download/@messagehandler/clubmanagement.orderbooking.public/1.0.5-0/7ff422178af7419de464c75fa6e42ed39ec325e05df38e7155007ba3826b8c3f#9aeb5da848c12b374d06e5007a4c4557408d4242"
  integrity sha512-NZgg3dddBjp7XbrxEBYL4nLgP5tl8+/dj29esc7N9DDXYRcSNSc6mDo3AsUtBcS21TmYhzduqkmEbJkoKCjSLA==
  dependencies:
    dish.shell "npm:@messagehandler/dish.shell"

"clubmanagement.payments@npm:@messagehandler/clubmanagement.payments.public":
  version "1.0.10-0"
  resolved "https://npm.pkg.github.com/download/@messagehandler/clubmanagement.payments.public/1.0.10-0/25af4fa6b2656dfffb5cc0e2fc11abb537a476d10a95dd3a310100679ecebc2f#05b74319c7ff8d148c82b713d0206a014effefcb"
  integrity sha512-3Mb+1Yb2veEAKTBoUprI7x5bMsCwiV323d67OGyFzvva7JOKg2Ux3Kjx2qtWFzb41DpV1RpZGdOKu2UMHG1jtg==
  dependencies:
    dish.shell "npm:@messagehandler/dish.shell"

"dish.shell@npm:@messagehandler/dish.shell":
  version "1.0.17"
  resolved "https://npm.pkg.github.com/download/@messagehandler/dish.shell/1.0.17/9f8f876ea0182ac80a03c1818705ceae65a31ec27dbbfe85bb928fbf60cad249#0325e6b596cf018ab439f5a50f4979ea7741b2bd"
  integrity sha512-06VWPewvwI6JQEVAUPYKXc4MfLejjEHq99lt+z5dk35rECFiop0aBSksshPwUa3W1DoGraMBEQgFSb+dmyIQAw==
